
Microsoft Visual Studio Solution File, Format Version 12.00
# Visual Studio Version 17
VisualStudioVersion = 17.8.34330.188
MinimumVisualStudioVersion = 10.0.40219.1
Project("{FAE04EC0-301F-11D3-BF4B-00C04F79EFBC}") = "backend", "backend.csproj", "{9F1B063D-1C92-4B28-872A-1EA16B434AE0}"
EndProject
Global
	GlobalSection(SolutionConfigurationPlatforms) = preSolution
		Debug|Any CPU = Debug|Any CPU
		Release|Any CPU = Release|Any CPU
	EndGlobalSection
	GlobalSection(ProjectConfigurationPlatforms) = postSolution
		{9F1B063D-1C92-4B28-872A-1EA16B434AE0}.Debug|Any CPU.ActiveCfg = Debug|Any CPU
		{9F1B063D-1C92-4B28-872A-1EA16B434AE0}.Debug|Any CPU.Build.0 = Debug|Any CPU
		{9F1B063D-1C92-4B28-872A-1EA16B434AE0}.Release|Any CPU.ActiveCfg = Release|Any CPU
		{9F1B063D-1C92-4B28-872A-1EA16B434AE0}.Release|Any CPU.Build.0 = Release|Any CPU
	EndGlobalSection
	GlobalSection(SolutionProperties) = preSolution
		HideSolutionNode = FALSE
	EndGlobalSection
	GlobalSection(ExtensibilityGlobals) = postSolution
		SolutionGuid = {4510FE15-AC11-47DA-A166-1F2B42C9F809}
	EndGlobalSection
EndGlobal
